
Microsoft Visual Studio Solution File, Format Version 12.00
# Visual Studio 15
VisualStudioVersion = 15.0.26730.15
MinimumVisualStudioVersion = 10.0.40219.1
Project("{FAE04EC0-301F-11D3-BF4B-00C04F79EFBC}") = "GenRandomNum", "GenRandomNum\GenRandomNum.csproj", "{71D446EB-4D0F-4D80-8367-6509890D6AE4}"
EndProject
Project("{FAE04EC0-301F-11D3-BF4B-00C04F79EFBC}") = "CopySqliteToMSSql", "CopySqliteToMSSql\CopySqliteToMSSql.csproj", "{B720A74E-089D-420F-BDDB-2359510A4A75}"
EndProject
Project("{FAE04EC0-301F-11D3-BF4B-00C04F79EFBC}") = "MSSqlserverPackage", "MSSqlserverPackage\MSSqlserverPackage.csproj", "{D9D73804-381B-4BE4-AB63-BC02BE99AA37}"
EndProject
Global
	GlobalSection(SolutionConfigurationPlatforms) = preSolution
		Debug|Any CPU = Debug|Any CPU
		Release|Any CPU = Release|Any CPU
	EndGlobalSection
	GlobalSection(ProjectConfigurationPlatforms) = postSolution
		{71D446EB-4D0F-4D80-8367-6509890D6AE4}.Debug|Any CPU.ActiveCfg = Debug|Any CPU
		{71D446EB-4D0F-4D80-8367-6509890D6AE4}.Debug|Any CPU.Build.0 = Debug|Any CPU
		{71D446EB-4D0F-4D80-8367-6509890D6AE4}.Release|Any CPU.ActiveCfg = Release|Any CPU
		{71D446EB-4D0F-4D80-8367-6509890D6AE4}.Release|Any CPU.Build.0 = Release|Any CPU
		{B720A74E-089D-420F-BDDB-2359510A4A75}.Debug|Any CPU.ActiveCfg = Debug|Any CPU
		{B720A74E-089D-420F-BDDB-2359510A4A75}.Debug|Any CPU.Build.0 = Debug|Any CPU
		{B720A74E-089D-420F-BDDB-2359510A4A75}.Release|Any CPU.ActiveCfg = Release|Any CPU
		{B720A74E-089D-420F-BDDB-2359510A4A75}.Release|Any CPU.Build.0 = Release|Any CPU
		{D9D73804-381B-4BE4-AB63-BC02BE99AA37}.Debug|Any CPU.ActiveCfg = Debug|Any CPU
		{D9D73804-381B-4BE4-AB63-BC02BE99AA37}.Debug|Any CPU.Build.0 = Debug|Any CPU
		{D9D73804-381B-4BE4-AB63-BC02BE99AA37}.Release|Any CPU.ActiveCfg = Release|Any CPU
		{D9D73804-381B-4BE4-AB63-BC02BE99AA37}.Release|Any CPU.Build.0 = Release|Any CPU
	EndGlobalSection
	GlobalSection(SolutionProperties) = preSolution
		HideSolutionNode = FALSE
	EndGlobalSection
	GlobalSection(ExtensibilityGlobals) = postSolution
		SolutionGuid = {B6067349-8DAE-4DDD-A842-7EFB7DF723BC}
	EndGlobalSection
EndGlobal
